// !$*UTF8*$!
{
	archiveVersion = 1;
	classes = {
	};
	objectVersion = 56;
	objects = {

/* Begin PBXBuildFile section */
		BE4667F7FF8EC28C684173E8 /* Pods_LBCubePagerExample.framework in Frameworks */ = {isa = PBXBuildFile; fileRef = 50E240627ACD1947E27C048C /* Pods_LBCubePagerExample.framework */; };
		BE91BD962B2B10AC00C62D5D /* AppDelegate.swift in Sources */ = {isa = PBXBuildFile; fileRef = BE91BD952B2B10AC00C62D5D /* AppDelegate.swift */; };
		BE91BD982B2B10AC00C62D5D /* SceneDelegate.swift in Sources */ = {isa = PBXBuildFile; fileRef = BE91BD972B2B10AC00C62D5D /* SceneDelegate.swift */; };
		BE91BD9A2B2B10AC00C62D5D /* MainVC.swift in Sources */ = {isa = PBXBuildFile; fileRef = BE91BD992B2B10AC00C62D5D /* MainVC.swift */; };
		BE91BD9D2B2B10AC00C62D5D /* Main.storyboard in Resources */ = {isa = PBXBuildFile; fileRef = BE91BD9B2B2B10AC00C62D5D /* Main.storyboard */; };
		BE91BD9F2B2B10AC00C62D5D /* Assets.xcassets in Resources */ = {isa = PBXBuildFile; fileRef = BE91BD9E2B2B10AC00C62D5D /* Assets.xcassets */; };
		BE91BDA22B2B10AC00C62D5D /* LaunchScreen.storyboard in Resources */ = {isa = PBXBuildFile; fileRef = BE91BDA02B2B10AC00C62D5D /* LaunchScreen.storyboard */; };
		BE91BDCD2B2B180100C62D5D /* CubePagerVC.swift in Sources */ = {isa = PBXBuildFile; fileRef = BE91BDCC2B2B180100C62D5D /* CubePagerVC.swift */; };
		BE91BDD02B2B186800C62D5D /* CubePageVC.swift in Sources */ = {isa = PBXBuildFile; fileRef = BE91BDCF2B2B186800C62D5D /* CubePageVC.swift */; };
/* End PBXBuildFile section */

/* Begin PBXFileReference section */
		1180CB5470CC22097723C4BA /* Pods-LBCubePagerExample.debug.xcconfig */ = {isa = PBXFileReference; includeInIndex = 1; lastKnownFileType = text.xcconfig; name = "Pods-LBCubePagerExample.debug.xcconfig"; path = "Target Support Files/Pods-LBCubePagerExample/Pods-LBCubePagerExample.debug.xcconfig"; sourceTree = "<group>"; };
		50E240627ACD1947E27C048C /* Pods_LBCubePagerExample.framework */ = {isa = PBXFileReference; explicitFileType = wrapper.framework; includeInIndex = 0; path = Pods_LBCubePagerExample.framework; sourceTree = BUILT_PRODUCTS_DIR; };
		973514D460985AA83EA9B1E4 /* Pods-LBCubePagerExample.release.xcconfig */ = {isa = PBXFileReference; includeInIndex = 1; lastKnownFileType = text.xcconfig; name = "Pods-LBCubePagerExample.release.xcconfig"; path = "Target Support Files/Pods-LBCubePagerExample/Pods-LBCubePagerExample.release.xcconfig"; sourceTree = "<group>"; };
		BE91BD922B2B10AC00C62D5D /* LBCubePagerExample.app */ = {isa = PBXFileReference; explicitFileType = wrapper.application; includeInIndex = 0; path = LBCubePagerExample.app; sourceTree = BUILT_PRODUCTS_DIR; };
		BE91BD952B2B10AC00C62D5D /* AppDelegate.swift */ = {isa = PBXFileReference; lastKnownFileType = sourcecode.swift; path = AppDelegate.swift; sourceTree = "<group>"; };
		BE91BD972B2B10AC00C62D5D /* SceneDelegate.swift */ = {isa = PBXFileReference; lastKnownFileType = sourcecode.swift; path = SceneDelegate.swift; sourceTree = "<group>"; };
		BE91BD992B2B10AC00C62D5D /* MainVC.swift */ = {isa = PBXFileReference; lastKnownFileType = sourcecode.swift; path = MainVC.swift; sourceTree = "<group>"; };
		BE91BD9C2B2B10AC00C62D5D /* Base */ = {isa = PBXFileReference; lastKnownFileType = file.storyboard; name = Base; path = Base.lproj/Main.storyboard; sourceTree = "<group>"; };
		BE91BD9E2B2B10AC00C62D5D /* Assets.xcassets */ = {isa = PBXFileReference; lastKnownFileType = folder.assetcatalog; path = Assets.xcassets; sourceTree = "<group>"; };
		BE91BDA12B2B10AC00C62D5D /* Base */ = {isa = PBXFileReference; lastKnownFileType = file.storyboard; name = Base; path = Base.lproj/LaunchScreen.storyboard; sourceTree = "<group>"; };
		BE91BDA32B2B10AC00C62D5D /* Info.plist */ = {isa = PBXFileReference; lastKnownFileType = text.plist.xml; path = Info.plist; sourceTree = "<group>"; };
		BE91BDCC2B2B180100C62D5D /* CubePagerVC.swift */ = {isa = PBXFileReference; lastKnownFileType = sourcecode.swift; path = CubePagerVC.swift; sourceTree = "<group>"; };
		BE91BDCF2B2B186800C62D5D /* CubePageVC.swift */ = {isa = PBXFileReference; lastKnownFileType = sourcecode.swift; path = CubePageVC.swift; sourceTree = "<group>"; };
/* End PBXFileReference section */

/* Begin PBXFrameworksBuildPhase section */
		BE91BD8F2B2B10AC00C62D5D /* Frameworks */ = {
			isa = PBXFrameworksBuildPhase;
			buildActionMask = 2147483647;
			files = (
				BE4667F7FF8EC28C684173E8 /* Pods_LBCubePagerExample.framework in Frameworks */,
			);
			runOnlyForDeploymentPostprocessing = 0;
		};
/* End PBXFrameworksBuildPhase section */

/* Begin PBXGroup section */
		806CDFE98BA19C48B30FBB47 /* Pods */ = {
			isa = PBXGroup;
			children = (
				1180CB5470CC22097723C4BA /* Pods-LBCubePagerExample.debug.xcconfig */,
				973514D460985AA83EA9B1E4 /* Pods-LBCubePagerExample.release.xcconfig */,
			);
			path = Pods;
			sourceTree = "<group>";
		};
		BE91BD892B2B10AC00C62D5D = {
			isa = PBXGroup;
			children = (
				BE91BD942B2B10AC00C62D5D /* LBCubePagerExample */,
				BE91BD932B2B10AC00C62D5D /* Products */,
				806CDFE98BA19C48B30FBB47 /* Pods */,
				C1A264048A8C7DC1D8E925A0 /* Frameworks */,
			);
			sourceTree = "<group>";
		};
		BE91BD932B2B10AC00C62D5D /* Products */ = {
			isa = PBXGroup;
			children = (
				BE91BD922B2B10AC00C62D5D /* LBCubePagerExample.app */,
			);
			name = Products;
			sourceTree = "<group>";
		};
		BE91BD942B2B10AC00C62D5D /* LBCubePagerExample */ = {
			isa = PBXGroup;
			children = (
				BE91BDA32B2B10AC00C62D5D /* Info.plist */,
				BE91BD9E2B2B10AC00C62D5D /* Assets.xcassets */,
				BE91BD952B2B10AC00C62D5D /* AppDelegate.swift */,
				BE91BD972B2B10AC00C62D5D /* SceneDelegate.swift */,
				BE91BDC82B2B176D00C62D5D /* Storyboards */,
				BE91BDC92B2B177800C62D5D /* ViewControllers */,
				BE91BDA02B2B10AC00C62D5D /* LaunchScreen.storyboard */,
			);
			path = LBCubePagerExample;
			sourceTree = "<group>";
		};
		BE91BDC82B2B176D00C62D5D /* Storyboards */ = {
			isa = PBXGroup;
			children = (
				BE91BD9B2B2B10AC00C62D5D /* Main.storyboard */,
			);
			path = Storyboards;
			sourceTree = "<group>";
		};
		BE91BDC92B2B177800C62D5D /* ViewControllers */ = {
			isa = PBXGroup;
			children = (
				BE91BD992B2B10AC00C62D5D /* MainVC.swift */,
				BE91BDCF2B2B186800C62D5D /* CubePageVC.swift */,
				BE91BDCC2B2B180100C62D5D /* CubePagerVC.swift */,
			);
			path = ViewControllers;
			sourceTree = "<group>";
		};
		C1A264048A8C7DC1D8E925A0 /* Frameworks */ = {
			isa = PBXGroup;
			children = (
				50E240627ACD1947E27C048C /* Pods_LBCubePagerExample.framework */,
			);
			name = Frameworks;
			sourceTree = "<group>";
		};
/* End PBXGroup section */

/* Begin PBXNativeTarget section */
		BE91BD912B2B10AC00C62D5D /* LBCubePagerExample */ = {
			isa = PBXNativeTarget;
			buildConfigurationList = BE91BDA62B2B10AC00C62D5D /* Build configuration list for PBXNativeTarget "LBCubePagerExample" */;
			buildPhases = (
				E187E424CB6FD9EB557D88A8 /* [CP] Check Pods Manifest.lock */,
				BE91BD8E2B2B10AC00C62D5D /* Sources */,
				BE91BD8F2B2B10AC00C62D5D /* Frameworks */,
				BE91BD902B2B10AC00C62D5D /* Resources */,
				4E67E992E32C3815195D1332 /* [CP] Embed Pods Frameworks */,
				AFAA9F0592991996769D1F12 /* [CP] Copy Pods Resources */,
			);
			buildRules = (
			);
			dependencies = (
			);
			name = LBCubePagerExample;
			productName = LBCubePagerExample;
			productReference = BE91BD922B2B10AC00C62D5D /* LBCubePagerExample.app */;
			productType = "com.apple.product-type.application";
		};
/* End PBXNativeTarget section */

/* Begin PBXProject section */
		BE91BD8A2B2B10AC00C62D5D /* Project object */ = {
			isa = PBXProject;
			attributes = {
				BuildIndependentTargetsInParallel = 1;
				LastSwiftUpdateCheck = 1500;
				LastUpgradeCheck = 1500;
				TargetAttributes = {
					BE91BD912B2B10AC00C62D5D = {
						CreatedOnToolsVersion = 15.0.1;
					};
				};
			};
			buildConfigurationList = BE91BD8D2B2B10AC00C62D5D /* Build configuration list for PBXProject "LBCubePagerExample" */;
			compatibilityVersion = "Xcode 14.0";
			developmentRegion = en;
			hasScannedForEncodings = 0;
			knownRegions = (
				en,
				Base,
			);
			mainGroup = BE91BD892B2B10AC00C62D5D;
			productRefGroup = BE91BD932B2B10AC00C62D5D /* Products */;
			projectDirPath = "";
			projectRoot = "";
			targets = (
				BE91BD912B2B10AC00C62D5D /* LBCubePagerExample */,
			);
		};
/* End PBXProject section */

/* Begin PBXResourcesBuildPhase section */
		BE91BD902B2B10AC00C62D5D /* Resources */ = {
			isa = PBXResourcesBuildPhase;
			buildActionMask = 2147483647;
			files = (
				BE91BDA22B2B10AC00C62D5D /* LaunchScreen.storyboard in Resources */,
				BE91BD9F2B2B10AC00C62D5D /* Assets.xcassets in Resources */,
				BE91BD9D2B2B10AC00C62D5D /* Main.storyboard in Resources */,
			);
			runOnlyForDeploymentPostprocessing = 0;
		};
/* End PBXResourcesBuildPhase section */

/* Begin PBXShellScriptBuildPhase section */
		4E67E992E32C3815195D1332 /* [CP] Embed Pods Frameworks */ = {
			isa = PBXShellScriptBuildPhase;
			buildActionMask = 2147483647;
			files = (
			);
			inputFileListPaths = (
				"${PODS_ROOT}/Target Support Files/Pods-LBCubePagerExample/Pods-LBCubePagerExample-frameworks-${CONFIGURATION}-input-files.xcfilelist",
			);
			name = "[CP] Embed Pods Frameworks";
			outputFileListPaths = (
				"${PODS_ROOT}/Target Support Files/Pods-LBCubePagerExample/Pods-LBCubePagerExample-frameworks-${CONFIGURATION}-output-files.xcfilelist",
			);
			runOnlyForDeploymentPostprocessing = 0;
			shellPath = /bin/sh;
			shellScript = "\"${PODS_ROOT}/Target Support Files/Pods-LBCubePagerExample/Pods-LBCubePagerExample-frameworks.sh\"\n";
			showEnvVarsInLog = 0;
		};
		AFAA9F0592991996769D1F12 /* [CP] Copy Pods Resources */ = {
			isa = PBXShellScriptBuildPhase;
			buildActionMask = 2147483647;
			files = (
			);
			inputFileListPaths = (
				"${PODS_ROOT}/Target Support Files/Pods-LBCubePagerExample/Pods-LBCubePagerExample-resources-${CONFIGURATION}-input-files.xcfilelist",
			);
			name = "[CP] Copy Pods Resources";
			outputFileListPaths = (
				"${PODS_ROOT}/Target Support Files/Pods-LBCubePagerExample/Pods-LBCubePagerExample-resources-${CONFIGURATION}-output-files.xcfilelist",
			);
			runOnlyForDeploymentPostprocessing = 0;
			shellPath = /bin/sh;
			shellScript = "\"${PODS_ROOT}/Target Support Files/Pods-LBCubePagerExample/Pods-LBCubePagerExample-resources.sh\"\n";
			showEnvVarsInLog = 0;
		};
		E187E424CB6FD9EB557D88A8 /* [CP] Check Pods Manifest.lock */ = {
			isa = PBXShellScriptBuildPhase;
			buildActionMask = 2147483647;
			files = (
			);
			inputFileListPaths = (
			);
			inputPaths = (
				"${PODS_PODFILE_DIR_PATH}/Podfile.lock",
				"${PODS_ROOT}/Manifest.lock",
			);
			name = "[CP] Check Pods Manifest.lock";
			outputFileListPaths = (
			);
			outputPaths = (
				"$(DERIVED_FILE_DIR)/Pods-LBCubePagerExample-checkManifestLockResult.txt",
			);
			runOnlyForDeploymentPostprocessing = 0;
			shellPath = /bin/sh;
			shellScript = "diff \"${PODS_PODFILE_DIR_PATH}/Podfile.lock\" \"${PODS_ROOT}/Manifest.lock\" > /dev/null\nif [ $? != 0 ] ; then\n    # print error to STDERR\n    echo \"error: The sandbox is not in sync with the Podfile.lock. Run 'pod install' or update your CocoaPods installation.\" >&2\n    exit 1\nfi\n# This output is used by Xcode 'outputs' to avoid re-running this script phase.\necho \"SUCCESS\" > \"${SCRIPT_OUTPUT_FILE_0}\"\n";
			showEnvVarsInLog = 0;
		};
/* End PBXShellScriptBuildPhase section */

/* Begin PBXSourcesBuildPhase section */
		BE91BD8E2B2B10AC00C62D5D /* Sources */ = {
			isa = PBXSourcesBuildPhase;
			buildActionMask = 2147483647;
			files = (
				BE91BD9A2B2B10AC00C62D5D /* MainVC.swift in Sources */,
				BE91BD962B2B10AC00C62D5D /* AppDelegate.swift in Sources */,
				BE91BDD02B2B186800C62D5D /* CubePageVC.swift in Sources */,
				BE91BD982B2B10AC00C62D5D /* SceneDelegate.swift in Sources */,
				BE91BDCD2B2B180100C62D5D /* CubePagerVC.swift in Sources */,
			);
			runOnlyForDeploymentPostprocessing = 0;
		};
/* End PBXSourcesBuildPhase section */

/* Begin PBXVariantGroup section */
		BE91BD9B2B2B10AC00C62D5D /* Main.storyboard */ = {
			isa = PBXVariantGroup;
			children = (
				BE91BD9C2B2B10AC00C62D5D /* Base */,
			);
			name = Main.storyboard;
			sourceTree = "<group>";
		};
		BE91BDA02B2B10AC00C62D5D /* LaunchScreen.storyboard */ = {
			isa = PBXVariantGroup;
			children = (
				BE91BDA12B2B10AC00C62D5D /* Base */,
			);
			name = LaunchScreen.storyboard;
			sourceTree = "<group>";
		};
/* End PBXVariantGroup section */

/* Begin XCBuildConfiguration section */
		BE91BDA42B2B10AC00C62D5D /* Debug */ = {
			isa = XCBuildConfiguration;
			buildSettings = {
				ALWAYS_SEARCH_USER_PATHS = NO;
				ASSETCATALOG_COMPILER_GENERATE_SWIFT_ASSET_SYMBOL_EXTENSIONS = YES;
				CLANG_ANALYZER_NONNULL = YES;
				CLANG_ANALYZER_NUMBER_OBJECT_CONVERSION = YES_AGGRESSIVE;
				CLANG_CXX_LANGUAGE_STANDARD = "gnu++20";
				CLANG_ENABLE_MODULES = YES;
				CLANG_ENABLE_OBJC_ARC = YES;
				CLANG_ENABLE_OBJC_WEAK = YES;
				CLANG_WARN_BLOCK_CAPTURE_AUTORELEASING = YES;
				CLANG_WARN_BOOL_CONVERSION = YES;
				CLANG_WARN_COMMA = YES;
				CLANG_WARN_CONSTANT_CONVERSION = YES;
				CLANG_WARN_DEPRECATED_OBJC_IMPLEMENTATIONS = YES;
				CLANG_WARN_DIRECT_OBJC_ISA_USAGE = YES_ERROR;
				CLANG_WARN_DOCUMENTATION_COMMENTS = YES;
				CLANG_WARN_EMPTY_BODY = YES;
				CLANG_WARN_ENUM_CONVERSION = YES;
				CLANG_WARN_INFINITE_RECURSION = YES;
				CLANG_WARN_INT_CONVERSION = YES;
				CLANG_WARN_NON_LITERAL_NULL_CONVERSION = YES;
				CLANG_WARN_OBJC_IMPLICIT_RETAIN_SELF = YES;
				CLANG_WARN_OBJC_LITERAL_CONVERSION = YES;
				CLANG_WARN_OBJC_ROOT_CLASS = YES_ERROR;
				CLANG_WARN_QUOTED_INCLUDE_IN_FRAMEWORK_HEADER = YES;
				CLANG_WARN_RANGE_LOOP_ANALYSIS = YES;
				CLANG_WARN_STRICT_PROTOTYPES = YES;
				CLANG_WARN_SUSPICIOUS_MOVE = YES;
				CLANG_WARN_UNGUARDED_AVAILABILITY = YES_AGGRESSIVE;
				CLANG_WARN_UNREACHABLE_CODE = YES;
				CLANG_WARN__DUPLICATE_METHOD_MATCH = YES;
				COPY_PHASE_STRIP = NO;
				DEBUG_INFORMATION_FORMAT = dwarf;
				ENABLE_STRICT_OBJC_MSGSEND = YES;
				ENABLE_TESTABILITY = YES;
				ENABLE_USER_SCRIPT_SANDBOXING = YES;
				GCC_C_LANGUAGE_STANDARD = gnu17;
				GCC_DYNAMIC_NO_PIC = NO;
				GCC_NO_COMMON_BLOCKS = YES;
				GCC_OPTIMIZATION_LEVEL = 0;
				GCC_PREPROCESSOR_DEFINITIONS = (
					"DEBUG=1",
					"$(inherited)",
				);
				GCC_WARN_64_TO_32_BIT_CONVERSION = YES;
				GCC_WARN_ABOUT_RETURN_TYPE = YES_ERROR;
				GCC_WARN_UNDECLARED_SELECTOR = YES;
				GCC_WARN_UNINITIALIZED_AUTOS = YES_AGGRESSIVE;
				GCC_WARN_UNUSED_FUNCTION = YES;
				GCC_WARN_UNUSED_VARIABLE = YES;
				IPHONEOS_DEPLOYMENT_TARGET = 17.0;
				LOCALIZATION_PREFERS_STRING_CATALOGS = YES;
				MTL_ENABLE_DEBUG_INFO = INCLUDE_SOURCE;
				MTL_FAST_MATH = YES;
				ONLY_ACTIVE_ARCH = YES;
				SDKROOT = iphoneos;
				SWIFT_ACTIVE_COMPILATION_CONDITIONS = "DEBUG $(inherited)";
				SWIFT_OPTIMIZATION_LEVEL = "-Onone";
			};
			name = Debug;
		};
		BE91BDA52B2B10AC00C62D5D /* Release */ = {
			isa = XCBuildConfiguration;
			buildSettings = {
				ALWAYS_SEARCH_USER_PATHS = NO;
				ASSETCATALOG_COMPILER_GENERATE_SWIFT_ASSET_SYMBOL_EXTENSIONS = YES;
				CLANG_ANALYZER_NONNULL = YES;
				CLANG_ANALYZER_NUMBER_OBJECT_CONVERSION = YES_AGGRESSIVE;
				CLANG_CXX_LANGUAGE_STANDARD = "gnu++20";
				CLANG_ENABLE_MODULES = YES;
				CLANG_ENABLE_OBJC_ARC = YES;
				CLANG_ENABLE_OBJC_WEAK = YES;
				CLANG_WARN_BLOCK_CAPTURE_AUTORELEASING = YES;
				CLANG_WARN_BOOL_CONVERSION = YES;
				CLANG_WARN_COMMA = YES;
				CLANG_WARN_CONSTANT_CONVERSION = YES;
				CLANG_WARN_DEPRECATED_OBJC_IMPLEMENTATIONS = YES;
				CLANG_WARN_DIRECT_OBJC_ISA_USAGE = YES_ERROR;
				CLANG_WARN_DOCUMENTATION_COMMENTS = YES;
				CLANG_WARN_EMPTY_BODY = YES;
				CLANG_WARN_ENUM_CONVERSION = YES;
				CLANG_WARN_INFINITE_RECURSION = YES;
				CLANG_WARN_INT_CONVERSION = YES;
				CLANG_WARN_NON_LITERAL_NULL_CONVERSION = YES;
				CLANG_WARN_OBJC_IMPLICIT_RETAIN_SELF = YES;
				CLANG_WARN_OBJC_LITERAL_CONVERSION = YES;
				CLANG_WARN_OBJC_ROOT_CLASS = YES_ERROR;
				CLANG_WARN_QUOTED_INCLUDE_IN_FRAMEWORK_HEADER = YES;
				CLANG_WARN_RANGE_LOOP_ANALYSIS = YES;
				CLANG_WARN_STRICT_PROTOTYPES = YES;
				CLANG_WARN_SUSPICIOUS_MOVE = YES;
				CLANG_WARN_UNGUARDED_AVAILABILITY = YES_AGGRESSIVE;
				CLANG_WARN_UNREACHABLE_CODE = YES;
				CLANG_WARN__DUPLICATE_METHOD_MATCH = YES;
				COPY_PHASE_STRIP = NO;
				DEBUG_INFORMATION_FORMAT = "dwarf-with-dsym";
				ENABLE_NS_ASSERTIONS = NO;
				ENABLE_STRICT_OBJC_MSGSEND = YES;
				ENABLE_USER_SCRIPT_SANDBOXING = YES;
				GCC_C_LANGUAGE_STANDARD = gnu17;
				GCC_NO_COMMON_BLOCKS = YES;
				GCC_WARN_64_TO_32_BIT_CONVERSION = YES;
				GCC_WARN_ABOUT_RETURN_TYPE = YES_ERROR;
				GCC_WARN_UNDECLARED_SELECTOR = YES;
				GCC_WARN_UNINITIALIZED_AUTOS = YES_AGGRESSIVE;
				GCC_WARN_UNUSED_FUNCTION = YES;
				GCC_WARN_UNUSED_VARIABLE = YES;
				IPHONEOS_DEPLOYMENT_TARGET = 17.0;
				LOCALIZATION_PREFERS_STRING_CATALOGS = YES;
				MTL_ENABLE_DEBUG_INFO = NO;
				MTL_FAST_MATH = YES;
				SDKROOT = iphoneos;
				SWIFT_COMPILATION_MODE = wholemodule;
				VALIDATE_PRODUCT = YES;
			};
			name = Release;
		};
		BE91BDA72B2B10AC00C62D5D /* Debug */ = {
			isa = XCBuildConfiguration;
			baseConfigurationReference = 1180CB5470CC22097723C4BA /* Pods-LBCubePagerExample.debug.xcconfig */;
			buildSettings = {
				ASSETCATALOG_COMPILER_APPICON_NAME = AppIcon;
				ASSETCATALOG_COMPILER_GLOBAL_ACCENT_COLOR_NAME = AccentColor;
				CODE_SIGN_STYLE = Automatic;
				CURRENT_PROJECT_VERSION = 1;
				DEVELOPMENT_TEAM = SVA96ZC7GV;
				ENABLE_USER_SCRIPT_SANDBOXING = NO;
				GENERATE_INFOPLIST_FILE = YES;
				INFOPLIST_FILE = LBCubePagerExample/Info.plist;
				INFOPLIST_KEY_UIApplicationSupportsIndirectInputEvents = YES;
				INFOPLIST_KEY_UILaunchStoryboardName = LaunchScreen;
				INFOPLIST_KEY_UIMainStoryboardFile = Main;
				INFOPLIST_KEY_UISupportedInterfaceOrientations_iPad = "UIInterfaceOrientationPortrait UIInterfaceOrientationPortraitUpsideDown UIInterfaceOrientationLandscapeLeft UIInterfaceOrientationLandscapeRight";
				INFOPLIST_KEY_UISupportedInterfaceOrientations_iPhone = "UIInterfaceOrientationPortrait UIInterfaceOrientationLandscapeLeft UIInterfaceOrientationLandscapeRight";
				IPHONEOS_DEPLOYMENT_TARGET = 14.0;
				LD_RUNPATH_SEARCH_PATHS = (
					"$(inherited)",
					"@executable_path/Frameworks",
				);
				MARKETING_VERSION = 1.0;
				PRODUCT_BUNDLE_IDENTIFIER = lioz.balki.com.LBCubePagerExample;
				PRODUCT_NAME = "$(TARGET_NAME)";
				SWIFT_EMIT_LOC_STRINGS = YES;
				SWIFT_VERSION = 5.0;
				TARGETED_DEVICE_FAMILY = "1,2";
			};
			name = Debug;
		};
		BE91BDA82B2B10AC00C62D5D /* Release */ = {
			isa = XCBuildConfiguration;
			baseConfigurationReference = 973514D460985AA83EA9B1E4 /* Pods-LBCubePagerExample.release.xcconfig */;
			buildSettings = {
				ASSETCATALOG_COMPILER_APPICON_NAME = AppIcon;
				ASSETCATALOG_COMPILER_GLOBAL_ACCENT_COLOR_NAME = AccentColor;
				CODE_SIGN_STYLE = Automatic;
				CURRENT_PROJECT_VERSION = 1;
				DEVELOPMENT_TEAM = SVA96ZC7GV;
				ENABLE_USER_SCRIPT_SANDBOXING = NO;
				GENERATE_INFOPLIST_FILE = YES;
				INFOPLIST_FILE = LBCubePagerExample/Info.plist;
				INFOPLIST_KEY_UIApplicationSupportsIndirectInputEvents = YES;
				INFOPLIST_KEY_UILaunchStoryboardName = LaunchScreen;
				INFOPLIST_KEY_UIMainStoryboardFile = Main;
				INFOPLIST_KEY_UISupportedInterfaceOrientations_iPad = "UIInterfaceOrientationPortrait UIInterfaceOrientationPortraitUpsideDown UIInterfaceOrientationLandscapeLeft UIInterfaceOrientationLandscapeRight";
				INFOPLIST_KEY_UISupportedInterfaceOrientations_iPhone = "UIInterfaceOrientationPortrait UIInterfaceOrientationLandscapeLeft UIInterfaceOrientationLandscapeRight";
				IPHONEOS_DEPLOYMENT_TARGET = 14.0;
				LD_RUNPATH_SEARCH_PATHS = (
					"$(inherited)",
					"@executable_path/Frameworks",
				);
				MARKETING_VERSION = 1.0;
				PRODUCT_BUNDLE_IDENTIFIER = lioz.balki.com.LBCubePagerExample;
				PRODUCT_NAME = "$(TARGET_NAME)";
				SWIFT_EMIT_LOC_STRINGS = YES;
				SWIFT_VERSION = 5.0;
				TARGETED_DEVICE_FAMILY = "1,2";
			};
			name = Release;
		};
/* End XCBuildConfiguration section */

/* Begin XCConfigurationList section */
		BE91BD8D2B2B10AC00C62D5D /* Build configuration list for PBXProject "LBCubePagerExample" */ = {
			isa = XCConfigurationList;
			buildConfigurations = (
				BE91BDA42B2B10AC00C62D5D /* Debug */,
				BE91BDA52B2B10AC00C62D5D /* Release */,
			);
			defaultConfigurationIsVisible = 0;
			defaultConfigurationName = Release;
		};
		BE91BDA62B2B10AC00C62D5D /* Build configuration list for PBXNativeTarget "LBCubePagerExample" */ = {
			isa = XCConfigurationList;
			buildConfigurations = (
				BE91BDA72B2B10AC00C62D5D /* Debug */,
				BE91BDA82B2B10AC00C62D5D /* Release */,
			);
			defaultConfigurationIsVisible = 0;
			defaultConfigurationName = Release;
		};
/* End XCConfigurationList section */
	};
	rootObject = BE91BD8A2B2B10AC00C62D5D /* Project object */;
}
